
Microsoft Visual Studio Solution File, Format Version 12.00
# Visual Studio Version 16
VisualStudioVersion = 16.0.29215.179
MinimumVisualStudioVersion = 10.0.40219.1
Project("{FAE04EC0-301F-11D3-BF4B-00C04F79EFBC}") = "KeePassSSO", "KeePassWebSSO\KeePassWebSSO.csproj", "{788ACDCC-0319-493D-A074-9BF18C8966ED}"
EndProject
Global
	GlobalSection(SolutionConfigurationPlatforms) = preSolution
		Debug|Any CPU = Debug|Any CPU
		Release|Any CPU = Release|Any CPU
	EndGlobalSection
	GlobalSection(ProjectConfigurationPlatforms) = postSolution
		{788ACDCC-0319-493D-A074-9BF18C8966ED}.Debug|Any CPU.ActiveCfg = Debug|Any CPU
		{788ACDCC-0319-493D-A074-9BF18C8966ED}.Debug|Any CPU.Build.0 = Debug|Any CPU
		{788ACDCC-0319-493D-A074-9BF18C8966ED}.Release|Any CPU.ActiveCfg = Release|Any CPU
		{788ACDCC-0319-493D-A074-9BF18C8966ED}.Release|Any CPU.Build.0 = Release|Any CPU
	EndGlobalSection
	GlobalSection(SolutionProperties) = preSolution
		HideSolutionNode = FALSE
	EndGlobalSection
	GlobalSection(ExtensibilityGlobals) = postSolution
		SolutionGuid = {A15E7456-EAF2-431B-90D7-3F9F1955D52F}
	EndGlobalSection
EndGlobal
